
Microsoft Visual Studio Solution File, Format Version 12.00
# Visual Studio Version 17
VisualStudioVersion = 17.10.34916.146
MinimumVisualStudioVersion = 10.0.40219.1
Project("{FAE04EC0-301F-11D3-BF4B-00C04F79EFBC}") = "Re7zTM", "Re7zTM\Re7zTM.csproj", "{B3C88C1F-A895-4851-9359-18CCD0682619}"
EndProject
Global
	GlobalSection(SolutionConfigurationPlatforms) = preSolution
		Debug|Any CPU = Debug|Any CPU
		Release|Any CPU = Release|Any CPU
	EndGlobalSection
	GlobalSection(ProjectConfigurationPlatforms) = postSolution
		{B3C88C1F-A895-4851-9359-18CCD0682619}.Debug|Any CPU.ActiveCfg = Debug|Any CPU
		{B3C88C1F-A895-4851-9359-18CCD0682619}.Debug|Any CPU.Build.0 = Debug|Any CPU
		{B3C88C1F-A895-4851-9359-18CCD0682619}.Release|Any CPU.ActiveCfg = Release|Any CPU
		{B3C88C1F-A895-4851-9359-18CCD0682619}.Release|Any CPU.Build.0 = Release|Any CPU
	EndGlobalSection
	GlobalSection(SolutionProperties) = preSolution
		HideSolutionNode = FALSE
	EndGlobalSection
	GlobalSection(ExtensibilityGlobals) = postSolution
		SolutionGuid = {26FE650E-78A9-4E0F-B980-08B27EC9164D}
	EndGlobalSection
EndGlobal
